
Microsoft Visual Studio Solution File, Format Version 12.00
# Visual Studio 15
VisualStudioVersion = 15.0.26403.7
MinimumVisualStudioVersion = 10.0.40219.1
Project("{FAE04EC0-301F-11D3-BF4B-00C04F79EFBC}") = "st2forget.console.utils", "st2forget.console.utils.csproj", "{56D7D184-4BBD-4E04-AE73-B385686E32F6}"
EndProject
Project("{FAE04EC0-301F-11D3-BF4B-00C04F79EFBC}") = "st2forget.console.utils.test", "..\st2forget.console.utils.test\st2forget.console.utils.test.csproj", "{A76ED3F7-660D-415C-A41A-7D2405B5CF39}"
EndProject
Global
	GlobalSection(SolutionConfigurationPlatforms) = preSolution
		Debug|Any CPU = Debug|Any CPU
		Release|Any CPU = Release|Any CPU
	EndGlobalSection
	GlobalSection(ProjectConfigurationPlatforms) = postSolution
		{56D7D184-4BBD-4E04-AE73-B385686E32F6}.Debug|Any CPU.ActiveCfg = Debug|Any CPU
		{56D7D184-4BBD-4E04-AE73-B385686E32F6}.Debug|Any CPU.Build.0 = Debug|Any CPU
		{56D7D184-4BBD-4E04-AE73-B385686E32F6}.Release|Any CPU.ActiveCfg = Release|Any CPU
		{56D7D184-4BBD-4E04-AE73-B385686E32F6}.Release|Any CPU.Build.0 = Release|Any CPU
		{A76ED3F7-660D-415C-A41A-7D2405B5CF39}.Debug|Any CPU.ActiveCfg = Debug|Any CPU
		{A76ED3F7-660D-415C-A41A-7D2405B5CF39}.Debug|Any CPU.Build.0 = Debug|Any CPU
		{A76ED3F7-660D-415C-A41A-7D2405B5CF39}.Release|Any CPU.ActiveCfg = Release|Any CPU
		{A76ED3F7-660D-415C-A41A-7D2405B5CF39}.Release|Any CPU.Build.0 = Release|Any CPU
	EndGlobalSection
	GlobalSection(SolutionProperties) = preSolution
		HideSolutionNode = FALSE
	EndGlobalSection
EndGlobal
